
Microsoft Visual Studio Solution File, Format Version 12.00
# Visual Studio Version 17
VisualStudioVersion = 17.7.34024.191
MinimumVisualStudioVersion = 10.0.40219.1
Project("{FAE04EC0-301F-11D3-BF4B-00C04F79EFBC}") = "BTL", "BTL\BTL.csproj", "{10708BC4-0EE7-45F9-9929-09B3AB79D4B3}"
EndProject
Global
	GlobalSection(SolutionConfigurationPlatforms) = preSolution
		Debug|Any CPU = Debug|Any CPU
		Release|Any CPU = Release|Any CPU
	EndGlobalSection
	GlobalSection(ProjectConfigurationPlatforms) = postSolution
		{10708BC4-0EE7-45F9-9929-09B3AB79D4B3}.Debug|Any CPU.ActiveCfg = Debug|Any CPU
		{10708BC4-0EE7-45F9-9929-09B3AB79D4B3}.Debug|Any CPU.Build.0 = Debug|Any CPU
		{10708BC4-0EE7-45F9-9929-09B3AB79D4B3}.Release|Any CPU.ActiveCfg = Release|Any CPU
		{10708BC4-0EE7-45F9-9929-09B3AB79D4B3}.Release|Any CPU.Build.0 = Release|Any CPU
	EndGlobalSection
	GlobalSection(SolutionProperties) = preSolution
		HideSolutionNode = FALSE
	EndGlobalSection
	GlobalSection(ExtensibilityGlobals) = postSolution
		SolutionGuid = {1D0DC758-21B3-44C0-8DD1-0BD19CB2639E}
	EndGlobalSection
EndGlobal
